<?xml version="1.0" encoding="utf-8"?>
<Project ToolsVersion="4.0" xmlns="http://schemas.microsoft.com/developer/msbuild/2003">
  <ItemGroup>
    <Filter Include="Source Files">
      <UniqueIdentifier>{4FC737F1-C7A5-4376-A066-2A32D752A2FF}</UniqueIdentifier>
      <Extensions>cpp;c;cc;cxx;def;odl;idl;hpj;bat;asm;asmx</Extensions>
    </Filter>
    <Filter Include="Header Files">
      <UniqueIdentifier>{93995380-89BD-4b04-88EB-625FBE52EBFB}</UniqueIdentifier>
      <Extensions>h;hpp;hxx;hm;inl;inc;xsd</Extensions>
    </Filter>
    <Filter Include="Header Files\tpm">
      <UniqueIdentifier>{a223b4ad-2c9c-4979-bf59-8520f2a02fdc}</UniqueIdentifier>
    </Filter>
    <Filter Include="Header Files\memory">
      <UniqueIdentifier>{1ab0aff3-34a9-4235-95ca-942bd2269434}</UniqueIdentifier>
    </Filter>
    <Filter Include="Header Files\tpm\crb">
      <UniqueIdentifier>{e2d53bc2-ccd2-4523-9753-21ca492a5ac1}</UniqueIdentifier>
    </Filter>
    <Filter Include="Header Files\tpm\fifo">
      <UniqueIdentifier>{8da0997e-ed31-4d98-938f-80e430550ff4}</UniqueIdentifier>
    </Filter>
  </ItemGroup>
  <ItemGroup>
    <ClCompile Include="main.cpp">
      <Filter>Source Files</Filter>
    </ClCompile>
  </ItemGroup>
  <ItemGroup>
    <ClInclude Include="defs.hpp">
      <Filter>Header Files</Filter>
    </ClInclude>
    <ClInclude Include="stdint.hpp">
      <Filter>Header Files</Filter>
    </ClInclude>
    <ClInclude Include="tpm.hpp">
      <Filter>Header Files\tpm</Filter>
    </ClInclude>
    <ClInclude Include="ptp.hpp">
      <Filter>Header Files\tpm</Filter>
    </ClInclude>
    <ClInclude Include="mmio.hpp">
      <Filter>Header Files\memory</Filter>
    </ClInclude>
    <ClInclude Include="crb.hpp">
      <Filter>Header Files\tpm\crb</Filter>
    </ClInclude>
    <ClInclude Include="tis.hpp">
      <Filter>Header Files\tpm\fifo</Filter>
    </ClInclude>
    <ClInclude Include="acpi.hpp">
      <Filter>Header Files\tpm</Filter>
    </ClInclude>
  </ItemGroup>
</Project>