
Microsoft Visual Studio Solution File, Format Version 12.00
# Visual Studio Version 17
VisualStudioVersion = 17.9.34723.18
MinimumVisualStudioVersion = 10.0.40219.1
Project("{8BC9CEB8-8B4A-11D0-8D11-00A0C91BC942}") = "tpm-mmio", "tpm-mmio\tpm-mmio.vcxproj", "{E0009D17-7436-43CE-BDE9-41CDFFB443DC}"
EndProject
Global
	GlobalSection(SolutionConfigurationPlatforms) = preSolution
		Debug|ARM64 = Debug|ARM64
		Debug|x64 = Debug|x64
		Release|ARM64 = Release|ARM64
		Release|x64 = Release|x64
	EndGlobalSection
	GlobalSection(ProjectConfigurationPlatforms) = postSolution
		{E0009D17-7436-43CE-BDE9-41CDFFB443DC}.Debug|ARM64.ActiveCfg = Debug|ARM64
		{E0009D17-7436-43CE-BDE9-41CDFFB443DC}.Debug|ARM64.Build.0 = Debug|ARM64
		{E0009D17-7436-43CE-BDE9-41CDFFB443DC}.Debug|ARM64.Deploy.0 = Debug|ARM64
		{E0009D17-7436-43CE-BDE9-41CDFFB443DC}.Debug|x64.ActiveCfg = Debug|x64
		{E0009D17-7436-43CE-BDE9-41CDFFB443DC}.Debug|x64.Build.0 = Debug|x64
		{E0009D17-7436-43CE-BDE9-41CDFFB443DC}.Debug|x64.Deploy.0 = Debug|x64
		{E0009D17-7436-43CE-BDE9-41CDFFB443DC}.Release|ARM64.ActiveCfg = Release|ARM64
		{E0009D17-7436-43CE-BDE9-41CDFFB443DC}.Release|ARM64.Build.0 = Release|ARM64
		{E0009D17-7436-43CE-BDE9-41CDFFB443DC}.Release|ARM64.Deploy.0 = Release|ARM64
		{E0009D17-7436-43CE-BDE9-41CDFFB443DC}.Release|x64.ActiveCfg = Release|x64
		{E0009D17-7436-43CE-BDE9-41CDFFB443DC}.Release|x64.Build.0 = Release|x64
		{E0009D17-7436-43CE-BDE9-41CDFFB443DC}.Release|x64.Deploy.0 = Release|x64
	EndGlobalSection
	GlobalSection(SolutionProperties) = preSolution
		HideSolutionNode = FALSE
	EndGlobalSection
	GlobalSection(ExtensibilityGlobals) = postSolution
		SolutionGuid = {16C5FBF9-744F-43F4-A6B1-358410F9EA3F}
	EndGlobalSection
EndGlobal
